// !$*UTF8*$!
{
	archiveVersion = 1;
	classes = {
	};
	objectVersion = 55;
	objects = {

/* Begin PBXBuildFile section */
		186303342D9DB4D200B8DA6C /* AppDelegate.swift in Sources */ = {isa = PBXBuildFile; fileRef = 186303332D9DB4D200B8DA6C /* AppDelegate.swift */; };
		186303362D9DB4D200B8DA6C /* SceneDelegate.swift in Sources */ = {isa = PBXBuildFile; fileRef = 186303352D9DB4D200B8DA6C /* SceneDelegate.swift */; };
		186303382D9DB4D200B8DA6C /* ViewController.swift in Sources */ = {isa = PBXBuildFile; fileRef = 186303372D9DB4D200B8DA6C /* ViewController.swift */; };
		1863033B2D9DB4D200B8DA6C /* Main.storyboard in Resources */ = {isa = PBXBuildFile; fileRef = 186303392D9DB4D200B8DA6C /* Main.storyboard */; };
		1863033D2D9DB4DA00B8DA6C /* Assets.xcassets in Resources */ = {isa = PBXBuildFile; fileRef = 1863033C2D9DB4DA00B8DA6C /* Assets.xcassets */; };
		186303402D9DB4DA00B8DA6C /* LaunchScreen.storyboard in Resources */ = {isa = PBXBuildFile; fileRef = 1863033E2D9DB4DA00B8DA6C /* LaunchScreen.storyboard */; };
		1863034B2D9DB4DB00B8DA6C /* CalculatorTutorialTests.swift in Sources */ = {isa = PBXBuildFile; fileRef = 1863034A2D9DB4DB00B8DA6C /* CalculatorTutorialTests.swift */; };
		186303552D9DB4DB00B8DA6C /* CalculatorTutorialUITests.swift in Sources */ = {isa = PBXBuildFile; fileRef = 186303542D9DB4DB00B8DA6C /* CalculatorTutorialUITests.swift */; };
		186303572D9DB4DB00B8DA6C /* CalculatorTutorialUITestsLaunchTests.swift in Sources */ = {isa = PBXBuildFile; fileRef = 186303562D9DB4DB00B8DA6C /* CalculatorTutorialUITestsLaunchTests.swift */; };
/* End PBXBuildFile section */

/* Begin PBXContainerItemProxy section */
		186303472D9DB4DB00B8DA6C /* PBXContainerItemProxy */ = {
			isa = PBXContainerItemProxy;
			containerPortal = 186303282D9DB4D200B8DA6C /* Project object */;
			proxyType = 1;
			remoteGlobalIDString = 1863032F2D9DB4D200B8DA6C;
			remoteInfo = CalculatorTutorial;
		};
		186303512D9DB4DB00B8DA6C /* PBXContainerItemProxy */ = {
			isa = PBXContainerItemProxy;
			containerPortal = 186303282D9DB4D200B8DA6C /* Project object */;
			proxyType = 1;
			remoteGlobalIDString = 1863032F2D9DB4D200B8DA6C;
			remoteInfo = CalculatorTutorial;
		};
/* End PBXContainerItemProxy section */

/* Begin PBXFileReference section */
		186303302D9DB4D200B8DA6C /* CalculatorTutorial.app */ = {isa = PBXFileReference; explicitFileType = wrapper.application; includeInIndex = 0; path = CalculatorTutorial.app; sourceTree = BUILT_PRODUCTS_DIR; };
		186303332D9DB4D200B8DA6C /* AppDelegate.swift */ = {isa = PBXFileReference; lastKnownFileType = sourcecode.swift; path = AppDelegate.swift; sourceTree = "<group>"; };
		186303352D9DB4D200B8DA6C /* SceneDelegate.swift */ = {isa = PBXFileReference; lastKnownFileType = sourcecode.swift; path = SceneDelegate.swift; sourceTree = "<group>"; };
		186303372D9DB4D200B8DA6C /* ViewController.swift */ = {isa = PBXFileReference; lastKnownFileType = sourcecode.swift; path = ViewController.swift; sourceTree = "<group>"; };
		1863033A2D9DB4D200B8DA6C /* Base */ = {isa = PBXFileReference; lastKnownFileType = file.storyboard; name = Base; path = Base.lproj/Main.storyboard; sourceTree = "<group>"; };
		1863033C2D9DB4DA00B8DA6C /* Assets.xcassets */ = {isa = PBXFileReference; lastKnownFileType = folder.assetcatalog; path = Assets.xcassets; sourceTree = "<group>"; };
		1863033F2D9DB4DA00B8DA6C /* Base */ = {isa = PBXFileReference; lastKnownFileType = file.storyboard; name = Base; path = Base.lproj/LaunchScreen.storyboard; sourceTree = "<group>"; };
		186303412D9DB4DA00B8DA6C /* Info.plist */ = {isa = PBXFileReference; lastKnownFileType = text.plist.xml; path = Info.plist; sourceTree = "<group>"; };
		186303462D9DB4DB00B8DA6C /* CalculatorTutorialTests.xctest */ = {isa = PBXFileReference; explicitFileType = wrapper.cfbundle; includeInIndex = 0; path = CalculatorTutorialTests.xctest; sourceTree = BUILT_PRODUCTS_DIR; };
		1863034A2D9DB4DB00B8DA6C /* CalculatorTutorialTests.swift */ = {isa = PBXFileReference; lastKnownFileType = sourcecode.swift; path = CalculatorTutorialTests.swift; sourceTree = "<group>"; };
		186303502D9DB4DB00B8DA6C /* CalculatorTutorialUITests.xctest */ = {isa = PBXFileReference; explicitFileType = wrapper.cfbundle; includeInIndex = 0; path = CalculatorTutorialUITests.xctest; sourceTree = BUILT_PRODUCTS_DIR; };
		186303542D9DB4DB00B8DA6C /* CalculatorTutorialUITests.swift */ = {isa = PBXFileReference; lastKnownFileType = sourcecode.swift; path = CalculatorTutorialUITests.swift; sourceTree = "<group>"; };
		186303562D9DB4DB00B8DA6C /* CalculatorTutorialUITestsLaunchTests.swift */ = {isa = PBXFileReference; lastKnownFileType = sourcecode.swift; path = CalculatorTutorialUITestsLaunchTests.swift; sourceTree = "<group>"; };
/* End PBXFileReference section */

/* Begin PBXFrameworksBuildPhase section */
		1863032D2D9DB4D200B8DA6C /* Frameworks */ = {
			isa = PBXFrameworksBuildPhase;
			buildActionMask = 2147483647;
			files = (
			);
			runOnlyForDeploymentPostprocessing = 0;
		};
		186303432D9DB4DB00B8DA6C /* Frameworks */ = {
			isa = PBXFrameworksBuildPhase;
			buildActionMask = 2147483647;
			files = (
			);
			runOnlyForDeploymentPostprocessing = 0;
		};
		1863034D2D9DB4DB00B8DA6C /* Frameworks */ = {
			isa = PBXFrameworksBuildPhase;
			buildActionMask = 2147483647;
			files = (
			);
			runOnlyForDeploymentPostprocessing = 0;
		};
/* End PBXFrameworksBuildPhase section */

/* Begin PBXGroup section */
		186303272D9DB4D200B8DA6C = {
			isa = PBXGroup;
			children = (
				186303322D9DB4D200B8DA6C /* CalculatorTutorial */,
				186303492D9DB4DB00B8DA6C /* CalculatorTutorialTests */,
				186303532D9DB4DB00B8DA6C /* CalculatorTutorialUITests */,
				186303312D9DB4D200B8DA6C /* Products */,
			);
			sourceTree = "<group>";
		};
		186303312D9DB4D200B8DA6C /* Products */ = {
			isa = PBXGroup;
			children = (
				186303302D9DB4D200B8DA6C /* CalculatorTutorial.app */,
				186303462D9DB4DB00B8DA6C /* CalculatorTutorialTests.xctest */,
				186303502D9DB4DB00B8DA6C /* CalculatorTutorialUITests.xctest */,
			);
			name = Products;
			sourceTree = "<group>";
		};
		186303322D9DB4D200B8DA6C /* CalculatorTutorial */ = {
			isa = PBXGroup;
			children = (
				186303332D9DB4D200B8DA6C /* AppDelegate.swift */,
				186303352D9DB4D200B8DA6C /* SceneDelegate.swift */,
				186303372D9DB4D200B8DA6C /* ViewController.swift */,
				186303392D9DB4D200B8DA6C /* Main.storyboard */,
				1863033C2D9DB4DA00B8DA6C /* Assets.xcassets */,
				1863033E2D9DB4DA00B8DA6C /* LaunchScreen.storyboard */,
				186303412D9DB4DA00B8DA6C /* Info.plist */,
			);
			path = CalculatorTutorial;
			sourceTree = "<group>";
		};
		186303492D9DB4DB00B8DA6C /* CalculatorTutorialTests */ = {
			isa = PBXGroup;
			children = (
				1863034A2D9DB4DB00B8DA6C /* CalculatorTutorialTests.swift */,
			);
			path = CalculatorTutorialTests;
			sourceTree = "<group>";
		};
		186303532D9DB4DB00B8DA6C /* CalculatorTutorialUITests */ = {
			isa = PBXGroup;
			children = (
				186303542D9DB4DB00B8DA6C /* CalculatorTutorialUITests.swift */,
				186303562D9DB4DB00B8DA6C /* CalculatorTutorialUITestsLaunchTests.swift */,
			);
			path = CalculatorTutorialUITests;
			sourceTree = "<group>";
		};
/* End PBXGroup section */

/* Begin PBXNativeTarget section */
		1863032F2D9DB4D200B8DA6C /* CalculatorTutorial */ = {
			isa = PBXNativeTarget;
			buildConfigurationList = 1863035A2D9DB4DB00B8DA6C /* Build configuration list for PBXNativeTarget "CalculatorTutorial" */;
			buildPhases = (
				1863032C2D9DB4D200B8DA6C /* Sources */,
				1863032D2D9DB4D200B8DA6C /* Frameworks */,
				1863032E2D9DB4D200B8DA6C /* Resources */,
			);
			buildRules = (
			);
			dependencies = (
			);
			name = CalculatorTutorial;
			productName = CalculatorTutorial;
			productReference = 186303302D9DB4D200B8DA6C /* CalculatorTutorial.app */;
			productType = "com.apple.product-type.application";
		};
		186303452D9DB4DB00B8DA6C /* CalculatorTutorialTests */ = {
			isa = PBXNativeTarget;
			buildConfigurationList = 1863035D2D9DB4DB00B8DA6C /* Build configuration list for PBXNativeTarget "CalculatorTutorialTests" */;
			buildPhases = (
				186303422D9DB4DB00B8DA6C /* Sources */,
				186303432D9DB4DB00B8DA6C /* Frameworks */,
				186303442D9DB4DB00B8DA6C /* Resources */,
			);
			buildRules = (
			);
			dependencies = (
				186303482D9DB4DB00B8DA6C /* PBXTargetDependency */,
			);
			name = CalculatorTutorialTests;
			productName = CalculatorTutorialTests;
			productReference = 186303462D9DB4DB00B8DA6C /* CalculatorTutorialTests.xctest */;
			productType = "com.apple.product-type.bundle.unit-test";
		};
		1863034F2D9DB4DB00B8DA6C /* CalculatorTutorialUITests */ = {
			isa = PBXNativeTarget;
			buildConfigurationList = 186303602D9DB4DB00B8DA6C /* Build configuration list for PBXNativeTarget "CalculatorTutorialUITests" */;
			buildPhases = (
				1863034C2D9DB4DB00B8DA6C /* Sources */,
				1863034D2D9DB4DB00B8DA6C /* Frameworks */,
				1863034E2D9DB4DB00B8DA6C /* Resources */,
			);
			buildRules = (
			);
			dependencies = (
				186303522D9DB4DB00B8DA6C /* PBXTargetDependency */,
			);
			name = CalculatorTutorialUITests;
			productName = CalculatorTutorialUITests;
			productReference = 186303502D9DB4DB00B8DA6C /* CalculatorTutorialUITests.xctest */;
			productType = "com.apple.product-type.bundle.ui-testing";
		};
/* End PBXNativeTarget section */

/* Begin PBXProject section */
		186303282D9DB4D200B8DA6C /* Project object */ = {
			isa = PBXProject;
			attributes = {
				BuildIndependentTargetsInParallel = 1;
				LastSwiftUpdateCheck = 1340;
				LastUpgradeCheck = 1340;
				TargetAttributes = {
					1863032F2D9DB4D200B8DA6C = {
						CreatedOnToolsVersion = 13.4.1;
					};
					186303452D9DB4DB00B8DA6C = {
						CreatedOnToolsVersion = 13.4.1;
						TestTargetID = 1863032F2D9DB4D200B8DA6C;
					};
					1863034F2D9DB4DB00B8DA6C = {
						CreatedOnToolsVersion = 13.4.1;
						TestTargetID = 1863032F2D9DB4D200B8DA6C;
					};
				};
			};
			buildConfigurationList = 1863032B2D9DB4D200B8DA6C /* Build configuration list for PBXProject "CalculatorTutorial" */;
			compatibilityVersion = "Xcode 13.0";
			developmentRegion = en;
			hasScannedForEncodings = 0;
			knownRegions = (
				en,
				Base,
			);
			mainGroup = 186303272D9DB4D200B8DA6C;
			productRefGroup = 186303312D9DB4D200B8DA6C /* Products */;
			projectDirPath = "";
			projectRoot = "";
			targets = (
				1863032F2D9DB4D200B8DA6C /* CalculatorTutorial */,
				186303452D9DB4DB00B8DA6C /* CalculatorTutorialTests */,
				1863034F2D9DB4DB00B8DA6C /* CalculatorTutorialUITests */,
			);
		};
/* End PBXProject section */

/* Begin PBXResourcesBuildPhase section */
		1863032E2D9DB4D200B8DA6C /* Resources */ = {
			isa = PBXResourcesBuildPhase;
			buildActionMask = 2147483647;
			files = (
				186303402D9DB4DA00B8DA6C /* LaunchScreen.storyboard in Resources */,
				1863033D2D9DB4DA00B8DA6C /* Assets.xcassets in Resources */,
				1863033B2D9DB4D200B8DA6C /* Main.storyboard in Resources */,
			);
			runOnlyForDeploymentPostprocessing = 0;
		};
		186303442D9DB4DB00B8DA6C /* Resources */ = {
			isa = PBXResourcesBuildPhase;
			buildActionMask = 2147483647;
			files = (
			);
			runOnlyForDeploymentPostprocessing = 0;
		};
		1863034E2D9DB4DB00B8DA6C /* Resources */ = {
			isa = PBXResourcesBuildPhase;
			buildActionMask = 2147483647;
			files = (
			);
			runOnlyForDeploymentPostprocessing = 0;
		};
/* End PBXResourcesBuildPhase section */

/* Begin PBXSourcesBuildPhase section */
		1863032C2D9DB4D200B8DA6C /* Sources */ = {
			isa = PBXSourcesBuildPhase;
			buildActionMask = 2147483647;
			files = (
				186303382D9DB4D200B8DA6C /* ViewController.swift in Sources */,
				186303342D9DB4D200B8DA6C /* AppDelegate.swift in Sources */,
				186303362D9DB4D200B8DA6C /* SceneDelegate.swift in Sources */,
			);
			runOnlyForDeploymentPostprocessing = 0;
		};
		186303422D9DB4DB00B8DA6C /* Sources */ = {
			isa = PBXSourcesBuildPhase;
			buildActionMask = 2147483647;
			files = (
				1863034B2D9DB4DB00B8DA6C /* CalculatorTutorialTests.swift in Sources */,
			);
			runOnlyForDeploymentPostprocessing = 0;
		};
		1863034C2D9DB4DB00B8DA6C /* Sources */ = {
			isa = PBXSourcesBuildPhase;
			buildActionMask = 2147483647;
			files = (
				186303572D9DB4DB00B8DA6C /* CalculatorTutorialUITestsLaunchTests.swift in Sources */,
				186303552D9DB4DB00B8DA6C /* CalculatorTutorialUITests.swift in Sources */,
			);
			runOnlyForDeploymentPostprocessing = 0;
		};
/* End PBXSourcesBuildPhase section */

/* Begin PBXTargetDependency section */
		186303482D9DB4DB00B8DA6C /* PBXTargetDependency */ = {
			isa = PBXTargetDependency;
			target = 1863032F2D9DB4D200B8DA6C /* CalculatorTutorial */;
			targetProxy = 186303472D9DB4DB00B8DA6C /* PBXContainerItemProxy */;
		};
		186303522D9DB4DB00B8DA6C /* PBXTargetDependency */ = {
			isa = PBXTargetDependency;
			target = 1863032F2D9DB4D200B8DA6C /* CalculatorTutorial */;
			targetProxy = 186303512D9DB4DB00B8DA6C /* PBXContainerItemProxy */;
		};
/* End PBXTargetDependency section */

/* Begin PBXVariantGroup section */
		186303392D9DB4D200B8DA6C /* Main.storyboard */ = {
			isa = PBXVariantGroup;
			children = (
				1863033A2D9DB4D200B8DA6C /* Base */,
			);
			name = Main.storyboard;
			sourceTree = "<group>";
		};
		1863033E2D9DB4DA00B8DA6C /* LaunchScreen.storyboard */ = {
			isa = PBXVariantGroup;
			children = (
				1863033F2D9DB4DA00B8DA6C /* Base */,
			);
			name = LaunchScreen.storyboard;
			sourceTree = "<group>";
		};
/* End PBXVariantGroup section */

/* Begin XCBuildConfiguration section */
		186303582D9DB4DB00B8DA6C /* Debug */ = {
			isa = XCBuildConfiguration;
			buildSettings = {
				ALWAYS_SEARCH_USER_PATHS = NO;
				CLANG_ANALYZER_NONNULL = YES;
				CLANG_ANALYZER_NUMBER_OBJECT_CONVERSION = YES_AGGRESSIVE;
				CLANG_CXX_LANGUAGE_STANDARD = "gnu++17";
				CLANG_ENABLE_MODULES = YES;
				CLANG_ENABLE_OBJC_ARC = YES;
				CLANG_ENABLE_OBJC_WEAK = YES;
				CLANG_WARN_BLOCK_CAPTURE_AUTORELEASING = YES;
				CLANG_WARN_BOOL_CONVERSION = YES;
				CLANG_WARN_COMMA = YES;
				CLANG_WARN_CONSTANT_CONVERSION = YES;
				CLANG_WARN_DEPRECATED_OBJC_IMPLEMENTATIONS = YES;
				CLANG_WARN_DIRECT_OBJC_ISA_USAGE = YES_ERROR;
				CLANG_WARN_DOCUMENTATION_COMMENTS = YES;
				CLANG_WARN_EMPTY_BODY = YES;
				CLANG_WARN_ENUM_CONVERSION = YES;
				CLANG_WARN_INFINITE_RECURSION = YES;
				CLANG_WARN_INT_CONVERSION = YES;
				CLANG_WARN_NON_LITERAL_NULL_CONVERSION = YES;
				CLANG_WARN_OBJC_IMPLICIT_RETAIN_SELF = YES;
				CLANG_WARN_OBJC_LITERAL_CONVERSION = YES;
				CLANG_WARN_OBJC_ROOT_CLASS = YES_ERROR;
				CLANG_WARN_QUOTED_INCLUDE_IN_FRAMEWORK_HEADER = YES;
				CLANG_WARN_RANGE_LOOP_ANALYSIS = YES;
				CLANG_WARN_STRICT_PROTOTYPES = YES;
				CLANG_WARN_SUSPICIOUS_MOVE = YES;
				CLANG_WARN_UNGUARDED_AVAILABILITY = YES_AGGRESSIVE;
				CLANG_WARN_UNREACHABLE_CODE = YES;
				CLANG_WARN__DUPLICATE_METHOD_MATCH = YES;
				COPY_PHASE_STRIP = NO;
				DEBUG_INFORMATION_FORMAT = dwarf;
				ENABLE_STRICT_OBJC_MSGSEND = YES;
				ENABLE_TESTABILITY = YES;
				GCC_C_LANGUAGE_STANDARD = gnu11;
				GCC_DYNAMIC_NO_PIC = NO;
				GCC_NO_COMMON_BLOCKS = YES;
				GCC_OPTIMIZATION_LEVEL = 0;
				GCC_PREPROCESSOR_DEFINITIONS = (
					"DEBUG=1",
					"$(inherited)",
				);
				GCC_WARN_64_TO_32_BIT_CONVERSION = YES;
				GCC_WARN_ABOUT_RETURN_TYPE = YES_ERROR;
				GCC_WARN_UNDECLARED_SELECTOR = YES;
				GCC_WARN_UNINITIALIZED_AUTOS = YES_AGGRESSIVE;
				GCC_WARN_UNUSED_FUNCTION = YES;
				GCC_WARN_UNUSED_VARIABLE = YES;
				IPHONEOS_DEPLOYMENT_TARGET = 15.5;
				MTL_ENABLE_DEBUG_INFO = INCLUDE_SOURCE;
				MTL_FAST_MATH = YES;
				ONLY_ACTIVE_ARCH = YES;
				SDKROOT = iphoneos;
				SWIFT_ACTIVE_COMPILATION_CONDITIONS = DEBUG;
				SWIFT_OPTIMIZATION_LEVEL = "-Onone";
			};
			name = Debug;
		};
		186303592D9DB4DB00B8DA6C /* Release */ = {
			isa = XCBuildConfiguration;
			buildSettings = {
				ALWAYS_SEARCH_USER_PATHS = NO;
				CLANG_ANALYZER_NONNULL = YES;
				CLANG_ANALYZER_NUMBER_OBJECT_CONVERSION = YES_AGGRESSIVE;
				CLANG_CXX_LANGUAGE_STANDARD = "gnu++17";
				CLANG_ENABLE_MODULES = YES;
				CLANG_ENABLE_OBJC_ARC = YES;
				CLANG_ENABLE_OBJC_WEAK = YES;
				CLANG_WARN_BLOCK_CAPTURE_AUTORELEASING = YES;
				CLANG_WARN_BOOL_CONVERSION = YES;
				CLANG_WARN_COMMA = YES;
				CLANG_WARN_CONSTANT_CONVERSION = YES;
				CLANG_WARN_DEPRECATED_OBJC_IMPLEMENTATIONS = YES;
				CLANG_WARN_DIRECT_OBJC_ISA_USAGE = YES_ERROR;
				CLANG_WARN_DOCUMENTATION_COMMENTS = YES;
				CLANG_WARN_EMPTY_BODY = YES;
				CLANG_WARN_ENUM_CONVERSION = YES;
				CLANG_WARN_INFINITE_RECURSION = YES;
				CLANG_WARN_INT_CONVERSION = YES;
				CLANG_WARN_NON_LITERAL_NULL_CONVERSION = YES;
				CLANG_WARN_OBJC_IMPLICIT_RETAIN_SELF = YES;
				CLANG_WARN_OBJC_LITERAL_CONVERSION = YES;
				CLANG_WARN_OBJC_ROOT_CLASS = YES_ERROR;
				CLANG_WARN_QUOTED_INCLUDE_IN_FRAMEWORK_HEADER = YES;
				CLANG_WARN_RANGE_LOOP_ANALYSIS = YES;
				CLANG_WARN_STRICT_PROTOTYPES = YES;
				CLANG_WARN_SUSPICIOUS_MOVE = YES;
				CLANG_WARN_UNGUARDED_AVAILABILITY = YES_AGGRESSIVE;
				CLANG_WARN_UNREACHABLE_CODE = YES;
				CLANG_WARN__DUPLICATE_METHOD_MATCH = YES;
				COPY_PHASE_STRIP = NO;
				DEBUG_INFORMATION_FORMAT = "dwarf-with-dsym";
				ENABLE_NS_ASSERTIONS = NO;
				ENABLE_STRICT_OBJC_MSGSEND = YES;
				GCC_C_LANGUAGE_STANDARD = gnu11;
				GCC_NO_COMMON_BLOCKS = YES;
				GCC_WARN_64_TO_32_BIT_CONVERSION = YES;
				GCC_WARN_ABOUT_RETURN_TYPE = YES_ERROR;
				GCC_WARN_UNDECLARED_SELECTOR = YES;
				GCC_WARN_UNINITIALIZED_AUTOS = YES_AGGRESSIVE;
				GCC_WARN_UNUSED_FUNCTION = YES;
				GCC_WARN_UNUSED_VARIABLE = YES;
				IPHONEOS_DEPLOYMENT_TARGET = 15.5;
				MTL_ENABLE_DEBUG_INFO = NO;
				MTL_FAST_MATH = YES;
				SDKROOT = iphoneos;
				SWIFT_COMPILATION_MODE = wholemodule;
				SWIFT_OPTIMIZATION_LEVEL = "-O";
				VALIDATE_PRODUCT = YES;
			};
			name = Release;
		};
		1863035B2D9DB4DB00B8DA6C /* Debug */ = {
			isa = XCBuildConfiguration;
			buildSettings = {
				ASSETCATALOG_COMPILER_APPICON_NAME = AppIcon;
				ASSETCATALOG_COMPILER_GLOBAL_ACCENT_COLOR_NAME = AccentColor;
				CODE_SIGN_STYLE = Automatic;
				CURRENT_PROJECT_VERSION = 1;
				GENERATE_INFOPLIST_FILE = YES;
				INFOPLIST_FILE = CalculatorTutorial/Info.plist;
				INFOPLIST_KEY_UIApplicationSupportsIndirectInputEvents = YES;
				INFOPLIST_KEY_UILaunchStoryboardName = LaunchScreen;
				INFOPLIST_KEY_UIMainStoryboardFile = Main;
				INFOPLIST_KEY_UISupportedInterfaceOrientations_iPad = "UIInterfaceOrientationPortrait UIInterfaceOrientationPortraitUpsideDown UIInterfaceOrientationLandscapeLeft UIInterfaceOrientationLandscapeRight";
				INFOPLIST_KEY_UISupportedInterfaceOrientations_iPhone = "UIInterfaceOrientationPortrait UIInterfaceOrientationLandscapeLeft UIInterfaceOrientationLandscapeRight";
				LD_RUNPATH_SEARCH_PATHS = (
					"$(inherited)",
					"@executable_path/Frameworks",
				);
				MARKETING_VERSION = 1.0;
				PRODUCT_BUNDLE_IDENTIFIER = "lakshmi-maduri.CalculatorTutorial";
				PRODUCT_NAME = "$(TARGET_NAME)";
				SWIFT_EMIT_LOC_STRINGS = YES;
				SWIFT_VERSION = 5.0;
				TARGETED_DEVICE_FAMILY = "1,2";
			};
			name = Debug;
		};
		1863035C2D9DB4DB00B8DA6C /* Release */ = {
			isa = XCBuildConfiguration;
			buildSettings = {
				ASSETCATALOG_COMPILER_APPICON_NAME = AppIcon;
				ASSETCATALOG_COMPILER_GLOBAL_ACCENT_COLOR_NAME = AccentColor;
				CODE_SIGN_STYLE = Automatic;
				CURRENT_PROJECT_VERSION = 1;
				GENERATE_INFOPLIST_FILE = YES;
				INFOPLIST_FILE = CalculatorTutorial/Info.plist;
				INFOPLIST_KEY_UIApplicationSupportsIndirectInputEvents = YES;
				INFOPLIST_KEY_UILaunchStoryboardName = LaunchScreen;
				INFOPLIST_KEY_UIMainStoryboardFile = Main;
				INFOPLIST_KEY_UISupportedInterfaceOrientations_iPad = "UIInterfaceOrientationPortrait UIInterfaceOrientationPortraitUpsideDown UIInterfaceOrientationLandscapeLeft UIInterfaceOrientationLandscapeRight";
				INFOPLIST_KEY_UISupportedInterfaceOrientations_iPhone = "UIInterfaceOrientationPortrait UIInterfaceOrientationLandscapeLeft UIInterfaceOrientationLandscapeRight";
				LD_RUNPATH_SEARCH_PATHS = (
					"$(inherited)",
					"@executable_path/Frameworks",
				);
				MARKETING_VERSION = 1.0;
				PRODUCT_BUNDLE_IDENTIFIER = "lakshmi-maduri.CalculatorTutorial";
				PRODUCT_NAME = "$(TARGET_NAME)";
				SWIFT_EMIT_LOC_STRINGS = YES;
				SWIFT_VERSION = 5.0;
				TARGETED_DEVICE_FAMILY = "1,2";
			};
			name = Release;
		};
		1863035E2D9DB4DB00B8DA6C /* Debug */ = {
			isa = XCBuildConfiguration;
			buildSettings = {
				ALWAYS_EMBED_SWIFT_STANDARD_LIBRARIES = YES;
				BUNDLE_LOADER = "$(TEST_HOST)";
				CODE_SIGN_STYLE = Automatic;
				CURRENT_PROJECT_VERSION = 1;
				GENERATE_INFOPLIST_FILE = YES;
				IPHONEOS_DEPLOYMENT_TARGET = 15.5;
				MARKETING_VERSION = 1.0;
				PRODUCT_BUNDLE_IDENTIFIER = "lakshmi-maduri.CalculatorTutorialTests";
				PRODUCT_NAME = "$(TARGET_NAME)";
				SWIFT_EMIT_LOC_STRINGS = NO;
				SWIFT_VERSION = 5.0;
				TARGETED_DEVICE_FAMILY = "1,2";
				TEST_HOST = "$(BUILT_PRODUCTS_DIR)/CalculatorTutorial.app/CalculatorTutorial";
			};
			name = Debug;
		};
		1863035F2D9DB4DB00B8DA6C /* Release */ = {
			isa = XCBuildConfiguration;
			buildSettings = {
				ALWAYS_EMBED_SWIFT_STANDARD_LIBRARIES = YES;
				BUNDLE_LOADER = "$(TEST_HOST)";
				CODE_SIGN_STYLE = Automatic;
				CURRENT_PROJECT_VERSION = 1;
				GENERATE_INFOPLIST_FILE = YES;
				IPHONEOS_DEPLOYMENT_TARGET = 15.5;
				MARKETING_VERSION = 1.0;
				PRODUCT_BUNDLE_IDENTIFIER = "lakshmi-maduri.CalculatorTutorialTests";
				PRODUCT_NAME = "$(TARGET_NAME)";
				SWIFT_EMIT_LOC_STRINGS = NO;
				SWIFT_VERSION = 5.0;
				TARGETED_DEVICE_FAMILY = "1,2";
				TEST_HOST = "$(BUILT_PRODUCTS_DIR)/CalculatorTutorial.app/CalculatorTutorial";
			};
			name = Release;
		};
		186303612D9DB4DB00B8DA6C /* Debug */ = {
			isa = XCBuildConfiguration;
			buildSettings = {
				ALWAYS_EMBED_SWIFT_STANDARD_LIBRARIES = YES;
				CODE_SIGN_STYLE = Automatic;
				CURRENT_PROJECT_VERSION = 1;
				GENERATE_INFOPLIST_FILE = YES;
				MARKETING_VERSION = 1.0;
				PRODUCT_BUNDLE_IDENTIFIER = "lakshmi-maduri.CalculatorTutorialUITests";
				PRODUCT_NAME = "$(TARGET_NAME)";
				SWIFT_EMIT_LOC_STRINGS = NO;
				SWIFT_VERSION = 5.0;
				TARGETED_DEVICE_FAMILY = "1,2";
				TEST_TARGET_NAME = CalculatorTutorial;
			};
			name = Debug;
		};
		186303622D9DB4DB00B8DA6C /* Release */ = {
			isa = XCBuildConfiguration;
			buildSettings = {
				ALWAYS_EMBED_SWIFT_STANDARD_LIBRARIES = YES;
				CODE_SIGN_STYLE = Automatic;
				CURRENT_PROJECT_VERSION = 1;
				GENERATE_INFOPLIST_FILE = YES;
				MARKETING_VERSION = 1.0;
				PRODUCT_BUNDLE_IDENTIFIER = "lakshmi-maduri.CalculatorTutorialUITests";
				PRODUCT_NAME = "$(TARGET_NAME)";
				SWIFT_EMIT_LOC_STRINGS = NO;
				SWIFT_VERSION = 5.0;
				TARGETED_DEVICE_FAMILY = "1,2";
				TEST_TARGET_NAME = CalculatorTutorial;
			};
			name = Release;
		};
/* End XCBuildConfiguration section */

/* Begin XCConfigurationList section */
		1863032B2D9DB4D200B8DA6C /* Build configuration list for PBXProject "CalculatorTutorial" */ = {
			isa = XCConfigurationList;
			buildConfigurations = (
				186303582D9DB4DB00B8DA6C /* Debug */,
				186303592D9DB4DB00B8DA6C /* Release */,
			);
			defaultConfigurationIsVisible = 0;
			defaultConfigurationName = Release;
		};
		1863035A2D9DB4DB00B8DA6C /* Build configuration list for PBXNativeTarget "CalculatorTutorial" */ = {
			isa = XCConfigurationList;
			buildConfigurations = (
				1863035B2D9DB4DB00B8DA6C /* Debug */,
				1863035C2D9DB4DB00B8DA6C /* Release */,
			);
			defaultConfigurationIsVisible = 0;
			defaultConfigurationName = Release;
		};
		1863035D2D9DB4DB00B8DA6C /* Build configuration list for PBXNativeTarget "CalculatorTutorialTests" */ = {
			isa = XCConfigurationList;
			buildConfigurations = (
				1863035E2D9DB4DB00B8DA6C /* Debug */,
				1863035F2D9DB4DB00B8DA6C /* Release */,
			);
			defaultConfigurationIsVisible = 0;
			defaultConfigurationName = Release;
		};
		186303602D9DB4DB00B8DA6C /* Build configuration list for PBXNativeTarget "CalculatorTutorialUITests" */ = {
			isa = XCConfigurationList;
			buildConfigurations = (
				186303612D9DB4DB00B8DA6C /* Debug */,
				186303622D9DB4DB00B8DA6C /* Release */,
			);
			defaultConfigurationIsVisible = 0;
			defaultConfigurationName = Release;
		};
/* End XCConfigurationList section */
	};
	rootObject = 186303282D9DB4D200B8DA6C /* Project object */;
}
